// !$*UTF8*$!
{
	archiveVersion = 1;
	classes = {
	};
	objectVersion = 50;
	objects = {

/* Begin PBXBuildFile section */
		FB524FC921692C470049508C /* User.swift in Sources */ = {isa = PBXBuildFile; fileRef = FB524FC821692C470049508C /* User.swift */; };
		FB524FCB21692DA90049508C /* GasStation.swift in Sources */ = {isa = PBXBuildFile; fileRef = FB524FCA21692DA90049508C /* GasStation.swift */; };
		FB524FCD216935790049508C /* Review.swift in Sources */ = {isa = PBXBuildFile; fileRef = FB524FCC216935790049508C /* Review.swift */; };
		FB524FCF21693A570049508C /* HTTPHandler.swift in Sources */ = {isa = PBXBuildFile; fileRef = FB524FCE21693A570049508C /* HTTPHandler.swift */; };
		FB524FD121693B0B0049508C /* ExtensionURLRequest.swift in Sources */ = {isa = PBXBuildFile; fileRef = FB524FD021693B0B0049508C /* ExtensionURLRequest.swift */; };
		FB5D9790217BF2E000154835 /* RatingControl.swift in Sources */ = {isa = PBXBuildFile; fileRef = FB5D978F217BF2E000154835 /* RatingControl.swift */; };
		FB6065A32169113C004DCE97 /* AppDelegate.swift in Sources */ = {isa = PBXBuildFile; fileRef = FB6065A22169113C004DCE97 /* AppDelegate.swift */; };
		FB6065A52169113C004DCE97 /* LogInViewController.swift in Sources */ = {isa = PBXBuildFile; fileRef = FB6065A42169113C004DCE97 /* LogInViewController.swift */; };
		FB6065A82169113C004DCE97 /* Main.storyboard in Resources */ = {isa = PBXBuildFile; fileRef = FB6065A62169113C004DCE97 /* Main.storyboard */; };
		FB6065AA21691141004DCE97 /* Assets.xcassets in Resources */ = {isa = PBXBuildFile; fileRef = FB6065A921691141004DCE97 /* Assets.xcassets */; };
		FB6065AD21691141004DCE97 /* LaunchScreen.storyboard in Resources */ = {isa = PBXBuildFile; fileRef = FB6065AB21691141004DCE97 /* LaunchScreen.storyboard */; };
		FB6065B521691433004DCE97 /* Secondary.storyboard in Resources */ = {isa = PBXBuildFile; fileRef = FB6065B421691433004DCE97 /* Secondary.storyboard */; };
/* End PBXBuildFile section */

/* Begin PBXFileReference section */
		FB524FC821692C470049508C /* User.swift */ = {isa = PBXFileReference; lastKnownFileType = sourcecode.swift; path = User.swift; sourceTree = "<group>"; };
		FB524FCA21692DA90049508C /* GasStation.swift */ = {isa = PBXFileReference; lastKnownFileType = sourcecode.swift; path = GasStation.swift; sourceTree = "<group>"; };
		FB524FCC216935790049508C /* Review.swift */ = {isa = PBXFileReference; lastKnownFileType = sourcecode.swift; path = Review.swift; sourceTree = "<group>"; };
		FB524FCE21693A570049508C /* HTTPHandler.swift */ = {isa = PBXFileReference; lastKnownFileType = sourcecode.swift; path = HTTPHandler.swift; sourceTree = "<group>"; };
		FB524FD021693B0B0049508C /* ExtensionURLRequest.swift */ = {isa = PBXFileReference; lastKnownFileType = sourcecode.swift; path = ExtensionURLRequest.swift; sourceTree = "<group>"; };
		FB5D978F217BF2E000154835 /* RatingControl.swift */ = {isa = PBXFileReference; lastKnownFileType = sourcecode.swift; path = RatingControl.swift; sourceTree = "<group>"; };
		FB60659F2169113C004DCE97 /* GasTop.app */ = {isa = PBXFileReference; explicitFileType = wrapper.application; includeInIndex = 0; path = GasTop.app; sourceTree = BUILT_PRODUCTS_DIR; };
		FB6065A22169113C004DCE97 /* AppDelegate.swift */ = {isa = PBXFileReference; lastKnownFileType = sourcecode.swift; path = AppDelegate.swift; sourceTree = "<group>"; };
		FB6065A42169113C004DCE97 /* LogInViewController.swift */ = {isa = PBXFileReference; lastKnownFileType = sourcecode.swift; path = LogInViewController.swift; sourceTree = "<group>"; };
		FB6065A72169113C004DCE97 /* Base */ = {isa = PBXFileReference; lastKnownFileType = file.storyboard; name = Base; path = Base.lproj/Main.storyboard; sourceTree = "<group>"; };
		FB6065A921691141004DCE97 /* Assets.xcassets */ = {isa = PBXFileReference; lastKnownFileType = folder.assetcatalog; path = Assets.xcassets; sourceTree = "<group>"; };
		FB6065AC21691141004DCE97 /* Base */ = {isa = PBXFileReference; lastKnownFileType = file.storyboard; name = Base; path = Base.lproj/LaunchScreen.storyboard; sourceTree = "<group>"; };
		FB6065AE21691141004DCE97 /* Info.plist */ = {isa = PBXFileReference; lastKnownFileType = text.plist.xml; path = Info.plist; sourceTree = "<group>"; };
		FB6065B421691433004DCE97 /* Secondary.storyboard */ = {isa = PBXFileReference; lastKnownFileType = file.storyboard; path = Secondary.storyboard; sourceTree = "<group>"; };
/* End PBXFileReference section */

/* Begin PBXFrameworksBuildPhase section */
		FB60659C2169113C004DCE97 /* Frameworks */ = {
			isa = PBXFrameworksBuildPhase;
			buildActionMask = 2147483647;
			files = (
			);
			runOnlyForDeploymentPostprocessing = 0;
		};
/* End PBXFrameworksBuildPhase section */

/* Begin PBXGroup section */
		FB6065962169113C004DCE97 = {
			isa = PBXGroup;
			children = (
				FB6065A12169113C004DCE97 /* GasTop */,
				FB6065A02169113C004DCE97 /* Products */,
			);
			sourceTree = "<group>";
		};
		FB6065A02169113C004DCE97 /* Products */ = {
			isa = PBXGroup;
			children = (
				FB60659F2169113C004DCE97 /* GasTop.app */,
			);
			name = Products;
			sourceTree = "<group>";
		};
		FB6065A12169113C004DCE97 /* GasTop */ = {
			isa = PBXGroup;
			children = (
				FB6065A22169113C004DCE97 /* AppDelegate.swift */,
				FB6065A42169113C004DCE97 /* LogInViewController.swift */,
				FB6065A62169113C004DCE97 /* Main.storyboard */,
				FB6065A921691141004DCE97 /* Assets.xcassets */,
				FB6065AB21691141004DCE97 /* LaunchScreen.storyboard */,
				FB6065AE21691141004DCE97 /* Info.plist */,
				FB6065B421691433004DCE97 /* Secondary.storyboard */,
				FB524FC821692C470049508C /* User.swift */,
				FB524FCA21692DA90049508C /* GasStation.swift */,
				FB524FCC216935790049508C /* Review.swift */,
				FB524FCE21693A570049508C /* HTTPHandler.swift */,
				FB524FD021693B0B0049508C /* ExtensionURLRequest.swift */,
				FB5D978F217BF2E000154835 /* RatingControl.swift */,
			);
			path = GasTop;
			sourceTree = "<group>";
		};
/* End PBXGroup section */

/* Begin PBXNativeTarget section */
		FB60659E2169113C004DCE97 /* GasTop */ = {
			isa = PBXNativeTarget;
			buildConfigurationList = FB6065B121691141004DCE97 /* Build configuration list for PBXNativeTarget "GasTop" */;
			buildPhases = (
				FB60659B2169113C004DCE97 /* Sources */,
				FB60659C2169113C004DCE97 /* Frameworks */,
				FB60659D2169113C004DCE97 /* Resources */,
			);
			buildRules = (
			);
			dependencies = (
			);
			name = GasTop;
			productName = GasTop;
			productReference = FB60659F2169113C004DCE97 /* GasTop.app */;
			productType = "com.apple.product-type.application";
		};
/* End PBXNativeTarget section */

/* Begin PBXProject section */
		FB6065972169113C004DCE97 /* Project object */ = {
			isa = PBXProject;
			attributes = {
				LastSwiftUpdateCheck = 0940;
				LastUpgradeCheck = 0940;
				ORGANIZATIONNAME = Gekko;
				TargetAttributes = {
					FB60659E2169113C004DCE97 = {
						CreatedOnToolsVersion = 9.4.1;
					};
				};
			};
			buildConfigurationList = FB60659A2169113C004DCE97 /* Build configuration list for PBXProject "GasTop" */;
			compatibilityVersion = "Xcode 9.3";
			developmentRegion = en;
			hasScannedForEncodings = 0;
			knownRegions = (
				en,
				Base,
			);
			mainGroup = FB6065962169113C004DCE97;
			productRefGroup = FB6065A02169113C004DCE97 /* Products */;
			projectDirPath = "";
			projectRoot = "";
			targets = (
				FB60659E2169113C004DCE97 /* GasTop */,
			);
		};
/* End PBXProject section */

/* Begin PBXResourcesBuildPhase section */
		FB60659D2169113C004DCE97 /* Resources */ = {
			isa = PBXResourcesBuildPhase;
			buildActionMask = 2147483647;
			files = (
				FB6065AD21691141004DCE97 /* LaunchScreen.storyboard in Resources */,
				FB6065AA21691141004DCE97 /* Assets.xcassets in Resources */,
				FB6065A82169113C004DCE97 /* Main.storyboard in Resources */,
				FB6065B521691433004DCE97 /* Secondary.storyboard in Resources */,
			);
			runOnlyForDeploymentPostprocessing = 0;
		};
/* End PBXResourcesBuildPhase section */

/* Begin PBXSourcesBuildPhase section */
		FB60659B2169113C004DCE97 /* Sources */ = {
			isa = PBXSourcesBuildPhase;
			buildActionMask = 2147483647;
			files = (
				FB524FCD216935790049508C /* Review.swift in Sources */,
				FB524FCB21692DA90049508C /* GasStation.swift in Sources */,
				FB6065A52169113C004DCE97 /* LogInViewController.swift in Sources */,
				FB524FD121693B0B0049508C /* ExtensionURLRequest.swift in Sources */,
				FB6065A32169113C004DCE97 /* AppDelegate.swift in Sources */,
				FB5D9790217BF2E000154835 /* RatingControl.swift in Sources */,
				FB524FCF21693A570049508C /* HTTPHandler.swift in Sources */,
				FB524FC921692C470049508C /* User.swift in Sources */,
			);
			runOnlyForDeploymentPostprocessing = 0;
		};
/* End PBXSourcesBuildPhase section */

/* Begin PBXVariantGroup section */
		FB6065A62169113C004DCE97 /* Main.storyboard */ = {
			isa = PBXVariantGroup;
			children = (
				FB6065A72169113C004DCE97 /* Base */,
			);
			name = Main.storyboard;
			sourceTree = "<group>";
		};
		FB6065AB21691141004DCE97 /* LaunchScreen.storyboard */ = {
			isa = PBXVariantGroup;
			children = (
				FB6065AC21691141004DCE97 /* Base */,
			);
			name = LaunchScreen.storyboard;
			sourceTree = "<group>";
		};
/* End PBXVariantGroup section */

/* Begin XCBuildConfiguration section */
		FB6065AF21691141004DCE97 /* Debug */ = {
			isa = XCBuildConfiguration;
			buildSettings = {
				ALWAYS_SEARCH_USER_PATHS = NO;
				CLANG_ANALYZER_NONNULL = YES;
				CLANG_ANALYZER_NUMBER_OBJECT_CONVERSION = YES_AGGRESSIVE;
				CLANG_CXX_LANGUAGE_STANDARD = "gnu++14";
				CLANG_CXX_LIBRARY = "libc++";
				CLANG_ENABLE_MODULES = YES;
				CLANG_ENABLE_OBJC_ARC = YES;
				CLANG_ENABLE_OBJC_WEAK = YES;
				CLANG_WARN_BLOCK_CAPTURE_AUTORELEASING = YES;
				CLANG_WARN_BOOL_CONVERSION = YES;
				CLANG_WARN_COMMA = YES;
				CLANG_WARN_CONSTANT_CONVERSION = YES;
				CLANG_WARN_DEPRECATED_OBJC_IMPLEMENTATIONS = YES;
				CLANG_WARN_DIRECT_OBJC_ISA_USAGE = YES_ERROR;
				CLANG_WARN_DOCUMENTATION_COMMENTS = YES;
				CLANG_WARN_EMPTY_BODY = YES;
				CLANG_WARN_ENUM_CONVERSION = YES;
				CLANG_WARN_INFINITE_RECURSION = YES;
				CLANG_WARN_INT_CONVERSION = YES;
				CLANG_WARN_NON_LITERAL_NULL_CONVERSION = YES;
				CLANG_WARN_OBJC_IMPLICIT_RETAIN_SELF = YES;
				CLANG_WARN_OBJC_LITERAL_CONVERSION = YES;
				CLANG_WARN_OBJC_ROOT_CLASS = YES_ERROR;
				CLANG_WARN_RANGE_LOOP_ANALYSIS = YES;
				CLANG_WARN_STRICT_PROTOTYPES = YES;
				CLANG_WARN_SUSPICIOUS_MOVE = YES;
				CLANG_WARN_UNGUARDED_AVAILABILITY = YES_AGGRESSIVE;
				CLANG_WARN_UNREACHABLE_CODE = YES;
				CLANG_WARN__DUPLICATE_METHOD_MATCH = YES;
				CODE_SIGN_IDENTITY = "iPhone Developer";
				COPY_PHASE_STRIP = NO;
				DEBUG_INFORMATION_FORMAT = dwarf;
				ENABLE_STRICT_OBJC_MSGSEND = YES;
				ENABLE_TESTABILITY = YES;
				GCC_C_LANGUAGE_STANDARD = gnu11;
				GCC_DYNAMIC_NO_PIC = NO;
				GCC_NO_COMMON_BLOCKS = YES;
				GCC_OPTIMIZATION_LEVEL = 0;
				GCC_PREPROCESSOR_DEFINITIONS = (
					"DEBUG=1",
					"$(inherited)",
				);
				GCC_WARN_64_TO_32_BIT_CONVERSION = YES;
				GCC_WARN_ABOUT_RETURN_TYPE = YES_ERROR;
				GCC_WARN_UNDECLARED_SELECTOR = YES;
				GCC_WARN_UNINITIALIZED_AUTOS = YES_AGGRESSIVE;
				GCC_WARN_UNUSED_FUNCTION = YES;
				GCC_WARN_UNUSED_VARIABLE = YES;
				IPHONEOS_DEPLOYMENT_TARGET = 11.4;
				MTL_ENABLE_DEBUG_INFO = YES;
				ONLY_ACTIVE_ARCH = YES;
				SDKROOT = iphoneos;
				SWIFT_ACTIVE_COMPILATION_CONDITIONS = DEBUG;
				SWIFT_OPTIMIZATION_LEVEL = "-Onone";
			};
			name = Debug;
		};
		FB6065B021691141004DCE97 /* Release */ = {
			isa = XCBuildConfiguration;
			buildSettings = {
				ALWAYS_SEARCH_USER_PATHS = NO;
				CLANG_ANALYZER_NONNULL = YES;
				CLANG_ANALYZER_NUMBER_OBJECT_CONVERSION = YES_AGGRESSIVE;
				CLANG_CXX_LANGUAGE_STANDARD = "gnu++14";
				CLANG_CXX_LIBRARY = "libc++";
				CLANG_ENABLE_MODULES = YES;
				CLANG_ENABLE_OBJC_ARC = YES;
				CLANG_ENABLE_OBJC_WEAK = YES;
				CLANG_WARN_BLOCK_CAPTURE_AUTORELEASING = YES;
				CLANG_WARN_BOOL_CONVERSION = YES;
				CLANG_WARN_COMMA = YES;
				CLANG_WARN_CONSTANT_CONVERSION = YES;
				CLANG_WARN_DEPRECATED_OBJC_IMPLEMENTATIONS = YES;
				CLANG_WARN_DIRECT_OBJC_ISA_USAGE = YES_ERROR;
				CLANG_WARN_DOCUMENTATION_COMMENTS = YES;
				CLANG_WARN_EMPTY_BODY = YES;
				CLANG_WARN_ENUM_CONVERSION = YES;
				CLANG_WARN_INFINITE_RECURSION = YES;
				CLANG_WARN_INT_CONVERSION = YES;
				CLANG_WARN_NON_LITERAL_NULL_CONVERSION = YES;
				CLANG_WARN_OBJC_IMPLICIT_RETAIN_SELF = YES;
				CLANG_WARN_OBJC_LITERAL_CONVERSION = YES;
				CLANG_WARN_OBJC_ROOT_CLASS = YES_ERROR;
				CLANG_WARN_RANGE_LOOP_ANALYSIS = YES;
				CLANG_WARN_STRICT_PROTOTYPES = YES;
				CLANG_WARN_SUSPICIOUS_MOVE = YES;
				CLANG_WARN_UNGUARDED_AVAILABILITY = YES_AGGRESSIVE;
				CLANG_WARN_UNREACHABLE_CODE = YES;
				CLANG_WARN__DUPLICATE_METHOD_MATCH = YES;
				CODE_SIGN_IDENTITY = "iPhone Developer";
				COPY_PHASE_STRIP = NO;
				DEBUG_INFORMATION_FORMAT = "dwarf-with-dsym";
				ENABLE_NS_ASSERTIONS = NO;
				ENABLE_STRICT_OBJC_MSGSEND = YES;
				GCC_C_LANGUAGE_STANDARD = gnu11;
				GCC_NO_COMMON_BLOCKS = YES;
				GCC_WARN_64_TO_32_BIT_CONVERSION = YES;
				GCC_WARN_ABOUT_RETURN_TYPE = YES_ERROR;
				GCC_WARN_UNDECLARED_SELECTOR = YES;
				GCC_WARN_UNINITIALIZED_AUTOS = YES_AGGRESSIVE;
				GCC_WARN_UNUSED_FUNCTION = YES;
				GCC_WARN_UNUSED_VARIABLE = YES;
				IPHONEOS_DEPLOYMENT_TARGET = 11.4;
				MTL_ENABLE_DEBUG_INFO = NO;
				SDKROOT = iphoneos;
				SWIFT_COMPILATION_MODE = wholemodule;
				SWIFT_OPTIMIZATION_LEVEL = "-O";
				VALIDATE_PRODUCT = YES;
			};
			name = Release;
		};
		FB6065B221691141004DCE97 /* Debug */ = {
			isa = XCBuildConfiguration;
			buildSettings = {
				ASSETCATALOG_COMPILER_APPICON_NAME = AppIcon;
				CODE_SIGN_STYLE = Automatic;
				INFOPLIST_FILE = GasTop/Info.plist;
				LD_RUNPATH_SEARCH_PATHS = (
					"$(inherited)",
					"@executable_path/Frameworks",
				);
				PRODUCT_BUNDLE_IDENTIFIER = mx.gekko.GasTop;
				PRODUCT_NAME = "$(TARGET_NAME)";
				SWIFT_VERSION = 4.0;
				TARGETED_DEVICE_FAMILY = "1,2";
			};
			name = Debug;
		};
		FB6065B321691141004DCE97 /* Release */ = {
			isa = XCBuildConfiguration;
			buildSettings = {
				ASSETCATALOG_COMPILER_APPICON_NAME = AppIcon;
				CODE_SIGN_STYLE = Automatic;
				INFOPLIST_FILE = GasTop/Info.plist;
				LD_RUNPATH_SEARCH_PATHS = (
					"$(inherited)",
					"@executable_path/Frameworks",
				);
				PRODUCT_BUNDLE_IDENTIFIER = mx.gekko.GasTop;
				PRODUCT_NAME = "$(TARGET_NAME)";
				SWIFT_VERSION = 4.0;
				TARGETED_DEVICE_FAMILY = "1,2";
			};
			name = Release;
		};
/* End XCBuildConfiguration section */

/* Begin XCConfigurationList section */
		FB60659A2169113C004DCE97 /* Build configuration list for PBXProject "GasTop" */ = {
			isa = XCConfigurationList;
			buildConfigurations = (
				FB6065AF21691141004DCE97 /* Debug */,
				FB6065B021691141004DCE97 /* Release */,
			);
			defaultConfigurationIsVisible = 0;
			defaultConfigurationName = Release;
		};
		FB6065B121691141004DCE97 /* Build configuration list for PBXNativeTarget "GasTop" */ = {
			isa = XCConfigurationList;
			buildConfigurations = (
				FB6065B221691141004DCE97 /* Debug */,
				FB6065B321691141004DCE97 /* Release */,
			);
			defaultConfigurationIsVisible = 0;
			defaultConfigurationName = Release;
		};
/* End XCConfigurationList section */
	};
	rootObject = FB6065972169113C004DCE97 /* Project object */;
}
